
Microsoft Visual Studio Solution File, Format Version 12.00
# Visual Studio 2015
Project("{FAE04EC0-301F-11D3-BF4B-00C04F79EFBC}") = "Cardboard2017", "Cardboard2017.csproj", "{47B12C53-5848-B971-4C36-323566037BB9}"
EndProject
Project("{FAE04EC0-301F-11D3-BF4B-00C04F79EFBC}") = "Cardboard2017.Plugins", "Cardboard2017.Plugins.csproj", "{0711B4CD-FBAA-E7FF-2186-28030D497238}"
EndProject
Project("{FAE04EC0-301F-11D3-BF4B-00C04F79EFBC}") = "Cardboard2017.Editor", "Cardboard2017.Editor.csproj", "{DD5CF5E9-6C4D-0D84-35DE-C2B45D693E1F}"
EndProject
Project("{FAE04EC0-301F-11D3-BF4B-00C04F79EFBC}") = "Cardboard2017.Editor.Plugins", "Cardboard2017.Editor.Plugins.csproj", "{97AC37F9-F9D6-4C4C-FB40-675D68F9C929}"
EndProject
Global
	GlobalSection(SolutionConfigurationPlatforms) = preSolution
		Debug|Any CPU = Debug|Any CPU
		Release|Any CPU = Release|Any CPU
	EndGlobalSection
	GlobalSection(ProjectConfigurationPlatforms) = postSolution
		{47B12C53-5848-B971-4C36-323566037BB9}.Debug|Any CPU.ActiveCfg = Debug|Any CPU
		{47B12C53-5848-B971-4C36-323566037BB9}.Debug|Any CPU.Build.0 = Debug|Any CPU
		{47B12C53-5848-B971-4C36-323566037BB9}.Release|Any CPU.ActiveCfg = Release|Any CPU
		{47B12C53-5848-B971-4C36-323566037BB9}.Release|Any CPU.Build.0 = Release|Any CPU
		{0711B4CD-FBAA-E7FF-2186-28030D497238}.Debug|Any CPU.ActiveCfg = Debug|Any CPU
		{0711B4CD-FBAA-E7FF-2186-28030D497238}.Debug|Any CPU.Build.0 = Debug|Any CPU
		{0711B4CD-FBAA-E7FF-2186-28030D497238}.Release|Any CPU.ActiveCfg = Release|Any CPU
		{0711B4CD-FBAA-E7FF-2186-28030D497238}.Release|Any CPU.Build.0 = Release|Any CPU
		{DD5CF5E9-6C4D-0D84-35DE-C2B45D693E1F}.Debug|Any CPU.ActiveCfg = Debug|Any CPU
		{DD5CF5E9-6C4D-0D84-35DE-C2B45D693E1F}.Debug|Any CPU.Build.0 = Debug|Any CPU
		{DD5CF5E9-6C4D-0D84-35DE-C2B45D693E1F}.Release|Any CPU.ActiveCfg = Release|Any CPU
		{DD5CF5E9-6C4D-0D84-35DE-C2B45D693E1F}.Release|Any CPU.Build.0 = Release|Any CPU
		{97AC37F9-F9D6-4C4C-FB40-675D68F9C929}.Debug|Any CPU.ActiveCfg = Debug|Any CPU
		{97AC37F9-F9D6-4C4C-FB40-675D68F9C929}.Debug|Any CPU.Build.0 = Debug|Any CPU
		{97AC37F9-F9D6-4C4C-FB40-675D68F9C929}.Release|Any CPU.ActiveCfg = Release|Any CPU
		{97AC37F9-F9D6-4C4C-FB40-675D68F9C929}.Release|Any CPU.Build.0 = Release|Any CPU
	EndGlobalSection
	GlobalSection(SolutionProperties) = preSolution
		HideSolutionNode = FALSE
	EndGlobalSection
EndGlobal
